
Microsoft Visual Studio Solution File, Format Version 12.00
# Visual Studio Version 17
VisualStudioVersion = 17.11.35219.272
MinimumVisualStudioVersion = 10.0.40219.1
Project("{FAE04EC0-301F-11D3-BF4B-00C04F79EFBC}") = "FactoryMethodDesign", "FactoryMethodDesign\FactoryMethodDesign.csproj", "{D1023EDC-469B-4E48-9131-8A766BD2C7FA}"
EndProject
Global
	GlobalSection(SolutionConfigurationPlatforms) = preSolution
		Debug|Any CPU = Debug|Any CPU
		Release|Any CPU = Release|Any CPU
	EndGlobalSection
	GlobalSection(ProjectConfigurationPlatforms) = postSolution
		{D1023EDC-469B-4E48-9131-8A766BD2C7FA}.Debug|Any CPU.ActiveCfg = Debug|Any CPU
		{D1023EDC-469B-4E48-9131-8A766BD2C7FA}.Debug|Any CPU.Build.0 = Debug|Any CPU
		{D1023EDC-469B-4E48-9131-8A766BD2C7FA}.Release|Any CPU.ActiveCfg = Release|Any CPU
		{D1023EDC-469B-4E48-9131-8A766BD2C7FA}.Release|Any CPU.Build.0 = Release|Any CPU
	EndGlobalSection
	GlobalSection(SolutionProperties) = preSolution
		HideSolutionNode = FALSE
	EndGlobalSection
	GlobalSection(ExtensibilityGlobals) = postSolution
		SolutionGuid = {AD73FD37-55D1-410F-8BE5-C7C42580D543}
	EndGlobalSection
EndGlobal
